{
  "name": "ReadyPlayerTest",
  "lockfileVersion": 3,
  "requires": true,
  "packages": {
    "": {
      "dependencies": {
        "babylonjs": "^6.11.1",
        "babylonjs-loaders": "^6.11.1",
        "pepjs": "^0.5.3"
      }
    },
    "node_modules/babylonjs": {
      "version": "6.11.1",
      "resolved": "https://registry.npmjs.org/babylonjs/-/babylonjs-6.11.1.tgz",
      "integrity": "sha512-niZly8Chp/KlCigbhAcEnpzquZUWEJufV2iH8dMXdOTlisrHK1Ewam704I9Ku665Rwn7uQa92tNkn4jU+giXog==",
      "hasInstallScript": true
    },
    "node_modules/babylonjs-gltf2interface": {
      "version": "6.11.1",
      "resolved": "https://registry.npmjs.org/babylonjs-gltf2interface/-/babylonjs-gltf2interface-6.11.1.tgz",
      "integrity": "sha512-whWaLvn6Jf6asqjCuKUlR7h0zZ6a4jS2NEWpd/v9+xxJ/XNG50yE9EN9FDBnfwOMZa5s9h4KgY+zjzXodUEtRA=="
    },
    "node_modules/babylonjs-loaders": {
      "version": "6.11.1",
      "resolved": "https://registry.npmjs.org/babylonjs-loaders/-/babylonjs-loaders-6.11.1.tgz",
      "integrity": "sha512-/mDemhm9dobYSOptwTwg3LJ0eOr/DP7ROEF7lFmI8EiuOLGY80DQbdb389ALv94Fqq40e03Hiqv+TuUQYotlTw==",
      "dependencies": {
        "babylonjs": "^6.11.1",
        "babylonjs-gltf2interface": "^6.11.1"
      }
    },
    "node_modules/pepjs": {
      "version": "0.5.3",
      "resolved": "https://registry.npmjs.org/pepjs/-/pepjs-0.5.3.tgz",
      "integrity": "sha512-5yHVB9OHqKd9fr/OIsn8ss0NgThQ9buaqrEuwr9Or5YjPp6h+WTDKWZI+xZLaBGZCtODTnFtlSHNmhFsq67THg=="
    }
  }
}
